
Microsoft Visual Studio Solution File, Format Version 12.00
# Visual Studio Version 17
VisualStudioVersion = 17.6.33723.286
MinimumVisualStudioVersion = 10.0.40219.1
Project("{FAE04EC0-301F-11D3-BF4B-00C04F79EFBC}") = "my-books", "my-books\my-books.csproj", "{AF78D730-1C16-4C17-9A11-B8B38914CFF0}"
EndProject
Global
	GlobalSection(SolutionConfigurationPlatforms) = preSolution
		Debug|Any CPU = Debug|Any CPU
		Release|Any CPU = Release|Any CPU
	EndGlobalSection
	GlobalSection(ProjectConfigurationPlatforms) = postSolution
		{AF78D730-1C16-4C17-9A11-B8B38914CFF0}.Debug|Any CPU.ActiveCfg = Debug|Any CPU
		{AF78D730-1C16-4C17-9A11-B8B38914CFF0}.Debug|Any CPU.Build.0 = Debug|Any CPU
		{AF78D730-1C16-4C17-9A11-B8B38914CFF0}.Release|Any CPU.ActiveCfg = Release|Any CPU
		{AF78D730-1C16-4C17-9A11-B8B38914CFF0}.Release|Any CPU.Build.0 = Release|Any CPU
	EndGlobalSection
	GlobalSection(SolutionProperties) = preSolution
		HideSolutionNode = FALSE
	EndGlobalSection
	GlobalSection(ExtensibilityGlobals) = postSolution
		SolutionGuid = {85AD921C-BE0C-4473-B795-6457E2C31B4A}
	EndGlobalSection
EndGlobal
